
Microsoft Visual Studio Solution File, Format Version 12.00
# Visual Studio Version 16
VisualStudioVersion = 16.0.30621.155
MinimumVisualStudioVersion = 10.0.40219.1
Project("{9A19103F-16F7-4668-BE54-9A1E7A4F7556}") = "Sort", "Sort\Sort.csproj", "{7678232A-421B-4C05-84FC-B4BABAAF215B}"
EndProject
Project("{9A19103F-16F7-4668-BE54-9A1E7A4F7556}") = "Sort.Tests", "Sort.Tests\Sort.Tests.csproj", "{8F2C1023-8513-47A3-A7A0-CE5FF56633C9}"
EndProject
Global
	GlobalSection(SolutionConfigurationPlatforms) = preSolution
		Debug|Any CPU = Debug|Any CPU
		Release|Any CPU = Release|Any CPU
	EndGlobalSection
	GlobalSection(ProjectConfigurationPlatforms) = postSolution
		{7678232A-421B-4C05-84FC-B4BABAAF215B}.Debug|Any CPU.ActiveCfg = Debug|Any CPU
		{7678232A-421B-4C05-84FC-B4BABAAF215B}.Debug|Any CPU.Build.0 = Debug|Any CPU
		{7678232A-421B-4C05-84FC-B4BABAAF215B}.Release|Any CPU.ActiveCfg = Release|Any CPU
		{7678232A-421B-4C05-84FC-B4BABAAF215B}.Release|Any CPU.Build.0 = Release|Any CPU
		{8F2C1023-8513-47A3-A7A0-CE5FF56633C9}.Debug|Any CPU.ActiveCfg = Debug|Any CPU
		{8F2C1023-8513-47A3-A7A0-CE5FF56633C9}.Debug|Any CPU.Build.0 = Debug|Any CPU
		{8F2C1023-8513-47A3-A7A0-CE5FF56633C9}.Release|Any CPU.ActiveCfg = Release|Any CPU
		{8F2C1023-8513-47A3-A7A0-CE5FF56633C9}.Release|Any CPU.Build.0 = Release|Any CPU
	EndGlobalSection
	GlobalSection(SolutionProperties) = preSolution
		HideSolutionNode = FALSE
	EndGlobalSection
	GlobalSection(ExtensibilityGlobals) = postSolution
		SolutionGuid = {F38AFDD8-3FBE-4868-A0CC-898D58DD6BB0}
	EndGlobalSection
EndGlobal
